// !$*UTF8*$!
{
	archiveVersion = 1;
	classes = {
	};
	objectVersion = 50;
	objects = {

/* Begin PBXBuildFile section */
		6A002C9021DF0410005B31F5 /* AppDelegate.swift in Sources */ = {isa = PBXBuildFile; fileRef = 6A002C8F21DF0410005B31F5 /* AppDelegate.swift */; };
		6A002C9221DF0410005B31F5 /* GameViewController.swift in Sources */ = {isa = PBXBuildFile; fileRef = 6A002C9121DF0410005B31F5 /* GameViewController.swift */; };
		6A002C9521DF0410005B31F5 /* Main.storyboard in Resources */ = {isa = PBXBuildFile; fileRef = 6A002C9321DF0410005B31F5 /* Main.storyboard */; };
		6A002C9821DF0410005B31F5 /* LaunchScreen.storyboard in Resources */ = {isa = PBXBuildFile; fileRef = 6A002C9621DF0410005B31F5 /* LaunchScreen.storyboard */; };
		6A002CA121DF0410005B31F5 /* AppDelegate.swift in Sources */ = {isa = PBXBuildFile; fileRef = 6A002CA021DF0410005B31F5 /* AppDelegate.swift */; };
		6A002CA321DF0410005B31F5 /* GameViewController.swift in Sources */ = {isa = PBXBuildFile; fileRef = 6A002CA221DF0410005B31F5 /* GameViewController.swift */; };
		6A002CA621DF0410005B31F5 /* Main.storyboard in Resources */ = {isa = PBXBuildFile; fileRef = 6A002CA421DF0410005B31F5 /* Main.storyboard */; };
		6A002CA821DF0410005B31F5 /* Actions.sks in Resources */ = {isa = PBXBuildFile; fileRef = 6A002C8421DF040E005B31F5 /* Actions.sks */; };
		6A002CA921DF0410005B31F5 /* Actions.sks in Resources */ = {isa = PBXBuildFile; fileRef = 6A002C8421DF040E005B31F5 /* Actions.sks */; };
		6A002CAA21DF0410005B31F5 /* GameScene.sks in Resources */ = {isa = PBXBuildFile; fileRef = 6A002C8521DF040E005B31F5 /* GameScene.sks */; };
		6A002CAB21DF0410005B31F5 /* GameScene.sks in Resources */ = {isa = PBXBuildFile; fileRef = 6A002C8521DF040E005B31F5 /* GameScene.sks */; };
		6A002CAC21DF0410005B31F5 /* GameScene.swift in Sources */ = {isa = PBXBuildFile; fileRef = 6A002C8621DF040E005B31F5 /* GameScene.swift */; };
		6A002CAD21DF0410005B31F5 /* GameScene.swift in Sources */ = {isa = PBXBuildFile; fileRef = 6A002C8621DF040E005B31F5 /* GameScene.swift */; };
		6A002CAE21DF0410005B31F5 /* Assets.xcassets in Resources */ = {isa = PBXBuildFile; fileRef = 6A002C8721DF0410005B31F5 /* Assets.xcassets */; };
		6A002CAF21DF0410005B31F5 /* Assets.xcassets in Resources */ = {isa = PBXBuildFile; fileRef = 6A002C8721DF0410005B31F5 /* Assets.xcassets */; };
		6A221ED9221F8C54003FD05A /* ShapeSequence.swift in Sources */ = {isa = PBXBuildFile; fileRef = 6A221ED8221F8C54003FD05A /* ShapeSequence.swift */; };
		6A221EDA221F8C54003FD05A /* ShapeSequence.swift in Sources */ = {isa = PBXBuildFile; fileRef = 6A221ED8221F8C54003FD05A /* ShapeSequence.swift */; };
		6A221EDD221F9044003FD05A /* ShapesDefinitions.swift in Sources */ = {isa = PBXBuildFile; fileRef = 6A221EDC221F9044003FD05A /* ShapesDefinitions.swift */; };
		6A221EDE221F9044003FD05A /* ShapesDefinitions.swift in Sources */ = {isa = PBXBuildFile; fileRef = 6A221EDC221F9044003FD05A /* ShapesDefinitions.swift */; };
		6A26C1322220E9C700CD649D /* Diamong_x1024.png in Resources */ = {isa = PBXBuildFile; fileRef = 6A26C11E2220E9C700CD649D /* Diamong_x1024.png */; };
		6A26C1332220E9C700CD649D /* Diamong_x1024.png in Resources */ = {isa = PBXBuildFile; fileRef = 6A26C11E2220E9C700CD649D /* Diamong_x1024.png */; };
		6A26C1342220E9C700CD649D /* Circle_x128.png in Resources */ = {isa = PBXBuildFile; fileRef = 6A26C11F2220E9C700CD649D /* Circle_x128.png */; };
		6A26C1352220E9C700CD649D /* Circle_x128.png in Resources */ = {isa = PBXBuildFile; fileRef = 6A26C11F2220E9C700CD649D /* Circle_x128.png */; };
		6A26C1362220E9C700CD649D /* Diamond_x256.png in Resources */ = {isa = PBXBuildFile; fileRef = 6A26C1202220E9C700CD649D /* Diamond_x256.png */; };
		6A26C1372220E9C700CD649D /* Diamond_x256.png in Resources */ = {isa = PBXBuildFile; fileRef = 6A26C1202220E9C700CD649D /* Diamond_x256.png */; };
		6A26C1382220E9C700CD649D /* Diamond_x64.png in Resources */ = {isa = PBXBuildFile; fileRef = 6A26C1212220E9C700CD649D /* Diamond_x64.png */; };
		6A26C1392220E9C700CD649D /* Diamond_x64.png in Resources */ = {isa = PBXBuildFile; fileRef = 6A26C1212220E9C700CD649D /* Diamond_x64.png */; };
		6A26C13A2220E9C700CD649D /* Diamond_x512.png in Resources */ = {isa = PBXBuildFile; fileRef = 6A26C1222220E9C700CD649D /* Diamond_x512.png */; };
		6A26C13B2220E9C700CD649D /* Diamond_x512.png in Resources */ = {isa = PBXBuildFile; fileRef = 6A26C1222220E9C700CD649D /* Diamond_x512.png */; };
		6A26C13C2220E9C700CD649D /* Triangle_x256.png in Resources */ = {isa = PBXBuildFile; fileRef = 6A26C1232220E9C700CD649D /* Triangle_x256.png */; };
		6A26C13D2220E9C700CD649D /* Triangle_x256.png in Resources */ = {isa = PBXBuildFile; fileRef = 6A26C1232220E9C700CD649D /* Triangle_x256.png */; };
		6A26C13E2220E9C700CD649D /* Square_x512.png in Resources */ = {isa = PBXBuildFile; fileRef = 6A26C1242220E9C700CD649D /* Square_x512.png */; };
		6A26C13F2220E9C700CD649D /* Square_x512.png in Resources */ = {isa = PBXBuildFile; fileRef = 6A26C1242220E9C700CD649D /* Square_x512.png */; };
		6A26C1402220E9C700CD649D /* Triangle_x512.png in Resources */ = {isa = PBXBuildFile; fileRef = 6A26C1252220E9C700CD649D /* Triangle_x512.png */; };
		6A26C1412220E9C700CD649D /* Triangle_x512.png in Resources */ = {isa = PBXBuildFile; fileRef = 6A26C1252220E9C700CD649D /* Triangle_x512.png */; };
		6A26C1422220E9C700CD649D /* Circle_x512.png in Resources */ = {isa = PBXBuildFile; fileRef = 6A26C1262220E9C700CD649D /* Circle_x512.png */; };
		6A26C1432220E9C700CD649D /* Circle_x512.png in Resources */ = {isa = PBXBuildFile; fileRef = 6A26C1262220E9C700CD649D /* Circle_x512.png */; };
		6A26C1442220E9C700CD649D /* Square_x64.png in Resources */ = {isa = PBXBuildFile; fileRef = 6A26C1272220E9C700CD649D /* Square_x64.png */; };
		6A26C1452220E9C700CD649D /* Square_x64.png in Resources */ = {isa = PBXBuildFile; fileRef = 6A26C1272220E9C700CD649D /* Square_x64.png */; };
		6A26C1462220E9C700CD649D /* Triangle_x64.png in Resources */ = {isa = PBXBuildFile; fileRef = 6A26C1282220E9C700CD649D /* Triangle_x64.png */; };
		6A26C1472220E9C700CD649D /* Triangle_x64.png in Resources */ = {isa = PBXBuildFile; fileRef = 6A26C1282220E9C700CD649D /* Triangle_x64.png */; };
		6A26C1482220E9C700CD649D /* Diamond_x128.png in Resources */ = {isa = PBXBuildFile; fileRef = 6A26C1292220E9C700CD649D /* Diamond_x128.png */; };
		6A26C1492220E9C700CD649D /* Diamond_x128.png in Resources */ = {isa = PBXBuildFile; fileRef = 6A26C1292220E9C700CD649D /* Diamond_x128.png */; };
		6A26C14A2220E9C700CD649D /* Triangle_x1024.png in Resources */ = {isa = PBXBuildFile; fileRef = 6A26C12A2220E9C700CD649D /* Triangle_x1024.png */; };
		6A26C14B2220E9C700CD649D /* Triangle_x1024.png in Resources */ = {isa = PBXBuildFile; fileRef = 6A26C12A2220E9C700CD649D /* Triangle_x1024.png */; };
		6A26C14C2220E9C700CD649D /* Circle_x1024.png in Resources */ = {isa = PBXBuildFile; fileRef = 6A26C12B2220E9C700CD649D /* Circle_x1024.png */; };
		6A26C14D2220E9C700CD649D /* Circle_x1024.png in Resources */ = {isa = PBXBuildFile; fileRef = 6A26C12B2220E9C700CD649D /* Circle_x1024.png */; };
		6A26C14E2220E9C700CD649D /* Triangle_x128.png in Resources */ = {isa = PBXBuildFile; fileRef = 6A26C12C2220E9C700CD649D /* Triangle_x128.png */; };
		6A26C14F2220E9C700CD649D /* Triangle_x128.png in Resources */ = {isa = PBXBuildFile; fileRef = 6A26C12C2220E9C700CD649D /* Triangle_x128.png */; };
		6A26C1502220E9C700CD649D /* Square_x128.png in Resources */ = {isa = PBXBuildFile; fileRef = 6A26C12D2220E9C700CD649D /* Square_x128.png */; };
		6A26C1512220E9C700CD649D /* Square_x128.png in Resources */ = {isa = PBXBuildFile; fileRef = 6A26C12D2220E9C700CD649D /* Square_x128.png */; };
		6A26C1522220E9C700CD649D /* Circle_x64.png in Resources */ = {isa = PBXBuildFile; fileRef = 6A26C12E2220E9C700CD649D /* Circle_x64.png */; };
		6A26C1532220E9C700CD649D /* Circle_x64.png in Resources */ = {isa = PBXBuildFile; fileRef = 6A26C12E2220E9C700CD649D /* Circle_x64.png */; };
		6A26C1542220E9C700CD649D /* Square_x256.png in Resources */ = {isa = PBXBuildFile; fileRef = 6A26C12F2220E9C700CD649D /* Square_x256.png */; };
		6A26C1552220E9C700CD649D /* Square_x256.png in Resources */ = {isa = PBXBuildFile; fileRef = 6A26C12F2220E9C700CD649D /* Square_x256.png */; };
		6A26C1562220E9C700CD649D /* Square_x1024.png in Resources */ = {isa = PBXBuildFile; fileRef = 6A26C1302220E9C700CD649D /* Square_x1024.png */; };
		6A26C1572220E9C700CD649D /* Square_x1024.png in Resources */ = {isa = PBXBuildFile; fileRef = 6A26C1302220E9C700CD649D /* Square_x1024.png */; };
		6A26C1582220E9C700CD649D /* Circle_x256.png in Resources */ = {isa = PBXBuildFile; fileRef = 6A26C1312220E9C700CD649D /* Circle_x256.png */; };
		6A26C1592220E9C700CD649D /* Circle_x256.png in Resources */ = {isa = PBXBuildFile; fileRef = 6A26C1312220E9C700CD649D /* Circle_x256.png */; };
		6A26C15B2220F52300CD649D /* MemoryMeGame.swift in Sources */ = {isa = PBXBuildFile; fileRef = 6A26C15A2220F52300CD649D /* MemoryMeGame.swift */; };
		6A26C15C2220F52300CD649D /* MemoryMeGame.swift in Sources */ = {isa = PBXBuildFile; fileRef = 6A26C15A2220F52300CD649D /* MemoryMeGame.swift */; };
		6A27631F2239AB4700A3F6AF /* LaunchScreen.png in Resources */ = {isa = PBXBuildFile; fileRef = 6A27631E2239AB4600A3F6AF /* LaunchScreen.png */; };
		6A2763202239AB4700A3F6AF /* LaunchScreen.png in Resources */ = {isa = PBXBuildFile; fileRef = 6A27631E2239AB4600A3F6AF /* LaunchScreen.png */; };
		6A83FD4D220E7C8F00BFBEDE /* GameShape.swift in Sources */ = {isa = PBXBuildFile; fileRef = 6A83FD4C220E7C8F00BFBEDE /* GameShape.swift */; };
		6AE796AF223D619E0095BEB2 /* ShapeGraphics.xcassets in Resources */ = {isa = PBXBuildFile; fileRef = 6AE796AE223D619E0095BEB2 /* ShapeGraphics.xcassets */; };
		6AE796B0223D619E0095BEB2 /* ShapeGraphics.xcassets in Resources */ = {isa = PBXBuildFile; fileRef = 6AE796AE223D619E0095BEB2 /* ShapeGraphics.xcassets */; };
		6AF39622220E7EC00073B207 /* GameShape.swift in Sources */ = {isa = PBXBuildFile; fileRef = 6A83FD4C220E7C8F00BFBEDE /* GameShape.swift */; };
		6AF60A07222A0A9200194591 /* GridOrganizer.swift in Sources */ = {isa = PBXBuildFile; fileRef = 6AF60A06222A0A9200194591 /* GridOrganizer.swift */; };
		6AF60A08222A0A9200194591 /* GridOrganizer.swift in Sources */ = {isa = PBXBuildFile; fileRef = 6AF60A06222A0A9200194591 /* GridOrganizer.swift */; };
		D9FD491F96747F58E24D7704 /* Pods_Memory_Me_macOS.framework in Frameworks */ = {isa = PBXBuildFile; fileRef = 9F335EA31A171534B526898C /* Pods_Memory_Me_macOS.framework */; };
		EDAA417830C5323217E2518E /* Pods_Memory_Me_iOS.framework in Frameworks */ = {isa = PBXBuildFile; fileRef = E6FE93F1D98B6F552B360D5C /* Pods_Memory_Me_iOS.framework */; };
/* End PBXBuildFile section */

/* Begin PBXFileReference section */
		23470C765DA7FF58EB23CED4 /* Pods-Memory Me iOS.debug.xcconfig */ = {isa = PBXFileReference; includeInIndex = 1; lastKnownFileType = text.xcconfig; name = "Pods-Memory Me iOS.debug.xcconfig"; path = "Target Support Files/Pods-Memory Me iOS/Pods-Memory Me iOS.debug.xcconfig"; sourceTree = "<group>"; };
		25F4F6DB8311A451424C7426 /* Pods-Memory Me macOS.release.xcconfig */ = {isa = PBXFileReference; includeInIndex = 1; lastKnownFileType = text.xcconfig; name = "Pods-Memory Me macOS.release.xcconfig"; path = "Target Support Files/Pods-Memory Me macOS/Pods-Memory Me macOS.release.xcconfig"; sourceTree = "<group>"; };
		6A002C8421DF040E005B31F5 /* Actions.sks */ = {isa = PBXFileReference; lastKnownFileType = file.sks; path = Actions.sks; sourceTree = "<group>"; };
		6A002C8521DF040E005B31F5 /* GameScene.sks */ = {isa = PBXFileReference; lastKnownFileType = file.sks; path = GameScene.sks; sourceTree = "<group>"; };
		6A002C8621DF040E005B31F5 /* GameScene.swift */ = {isa = PBXFileReference; lastKnownFileType = sourcecode.swift; path = GameScene.swift; sourceTree = "<group>"; };
		6A002C8721DF0410005B31F5 /* Assets.xcassets */ = {isa = PBXFileReference; lastKnownFileType = folder.assetcatalog; path = Assets.xcassets; sourceTree = "<group>"; };
		6A002C8C21DF0410005B31F5 /* Memory Me.app */ = {isa = PBXFileReference; explicitFileType = wrapper.application; includeInIndex = 0; path = "Memory Me.app"; sourceTree = BUILT_PRODUCTS_DIR; };
		6A002C8F21DF0410005B31F5 /* AppDelegate.swift */ = {isa = PBXFileReference; lastKnownFileType = sourcecode.swift; path = AppDelegate.swift; sourceTree = "<group>"; };
		6A002C9121DF0410005B31F5 /* GameViewController.swift */ = {isa = PBXFileReference; lastKnownFileType = sourcecode.swift; path = GameViewController.swift; sourceTree = "<group>"; };
		6A002C9421DF0410005B31F5 /* Base */ = {isa = PBXFileReference; lastKnownFileType = file.storyboard; name = Base; path = Base.lproj/Main.storyboard; sourceTree = "<group>"; };
		6A002C9721DF0410005B31F5 /* Base */ = {isa = PBXFileReference; lastKnownFileType = file.storyboard; name = Base; path = Base.lproj/LaunchScreen.storyboard; sourceTree = "<group>"; };
		6A002C9921DF0410005B31F5 /* Info.plist */ = {isa = PBXFileReference; lastKnownFileType = text.plist.xml; path = Info.plist; sourceTree = "<group>"; };
		6A002C9E21DF0410005B31F5 /* Memory Me.app */ = {isa = PBXFileReference; explicitFileType = wrapper.application; includeInIndex = 0; path = "Memory Me.app"; sourceTree = BUILT_PRODUCTS_DIR; };
		6A002CA021DF0410005B31F5 /* AppDelegate.swift */ = {isa = PBXFileReference; lastKnownFileType = sourcecode.swift; path = AppDelegate.swift; sourceTree = "<group>"; };
		6A002CA221DF0410005B31F5 /* GameViewController.swift */ = {isa = PBXFileReference; lastKnownFileType = sourcecode.swift; path = GameViewController.swift; sourceTree = "<group>"; };
		6A002CA521DF0410005B31F5 /* Base */ = {isa = PBXFileReference; lastKnownFileType = file.storyboard; name = Base; path = Base.lproj/Main.storyboard; sourceTree = "<group>"; };
		6A002CA721DF0410005B31F5 /* Info.plist */ = {isa = PBXFileReference; lastKnownFileType = text.plist.xml; path = Info.plist; sourceTree = "<group>"; };
		6A07E224223DD8F00025299E /* Podfile */ = {isa = PBXFileReference; lastKnownFileType = text; path = Podfile; sourceTree = "<group>"; };
		6A221ED8221F8C54003FD05A /* ShapeSequence.swift */ = {isa = PBXFileReference; lastKnownFileType = sourcecode.swift; path = ShapeSequence.swift; sourceTree = "<group>"; };
		6A221EDC221F9044003FD05A /* ShapesDefinitions.swift */ = {isa = PBXFileReference; lastKnownFileType = sourcecode.swift; path = ShapesDefinitions.swift; sourceTree = "<group>"; };
		6A26C11E2220E9C700CD649D /* Diamong_x1024.png */ = {isa = PBXFileReference; lastKnownFileType = image.png; path = Diamong_x1024.png; sourceTree = "<group>"; };
		6A26C11F2220E9C700CD649D /* Circle_x128.png */ = {isa = PBXFileReference; lastKnownFileType = image.png; path = Circle_x128.png; sourceTree = "<group>"; };
		6A26C1202220E9C700CD649D /* Diamond_x256.png */ = {isa = PBXFileReference; lastKnownFileType = image.png; path = Diamond_x256.png; sourceTree = "<group>"; };
		6A26C1212220E9C700CD649D /* Diamond_x64.png */ = {isa = PBXFileReference; lastKnownFileType = image.png; path = Diamond_x64.png; sourceTree = "<group>"; };
		6A26C1222220E9C700CD649D /* Diamond_x512.png */ = {isa = PBXFileReference; lastKnownFileType = image.png; path = Diamond_x512.png; sourceTree = "<group>"; };
		6A26C1232220E9C700CD649D /* Triangle_x256.png */ = {isa = PBXFileReference; lastKnownFileType = image.png; path = Triangle_x256.png; sourceTree = "<group>"; };
		6A26C1242220E9C700CD649D /* Square_x512.png */ = {isa = PBXFileReference; lastKnownFileType = image.png; path = Square_x512.png; sourceTree = "<group>"; };
		6A26C1252220E9C700CD649D /* Triangle_x512.png */ = {isa = PBXFileReference; lastKnownFileType = image.png; path = Triangle_x512.png; sourceTree = "<group>"; };
		6A26C1262220E9C700CD649D /* Circle_x512.png */ = {isa = PBXFileReference; lastKnownFileType = image.png; path = Circle_x512.png; sourceTree = "<group>"; };
		6A26C1272220E9C700CD649D /* Square_x64.png */ = {isa = PBXFileReference; lastKnownFileType = image.png; path = Square_x64.png; sourceTree = "<group>"; };
		6A26C1282220E9C700CD649D /* Triangle_x64.png */ = {isa = PBXFileReference; lastKnownFileType = image.png; path = Triangle_x64.png; sourceTree = "<group>"; };
		6A26C1292220E9C700CD649D /* Diamond_x128.png */ = {isa = PBXFileReference; lastKnownFileType = image.png; path = Diamond_x128.png; sourceTree = "<group>"; };
		6A26C12A2220E9C700CD649D /* Triangle_x1024.png */ = {isa = PBXFileReference; lastKnownFileType = image.png; path = Triangle_x1024.png; sourceTree = "<group>"; };
		6A26C12B2220E9C700CD649D /* Circle_x1024.png */ = {isa = PBXFileReference; lastKnownFileType = image.png; path = Circle_x1024.png; sourceTree = "<group>"; };
		6A26C12C2220E9C700CD649D /* Triangle_x128.png */ = {isa = PBXFileReference; lastKnownFileType = image.png; path = Triangle_x128.png; sourceTree = "<group>"; };
		6A26C12D2220E9C700CD649D /* Square_x128.png */ = {isa = PBXFileReference; lastKnownFileType = image.png; path = Square_x128.png; sourceTree = "<group>"; };
		6A26C12E2220E9C700CD649D /* Circle_x64.png */ = {isa = PBXFileReference; lastKnownFileType = image.png; path = Circle_x64.png; sourceTree = "<group>"; };
		6A26C12F2220E9C700CD649D /* Square_x256.png */ = {isa = PBXFileReference; lastKnownFileType = image.png; path = Square_x256.png; sourceTree = "<group>"; };
		6A26C1302220E9C700CD649D /* Square_x1024.png */ = {isa = PBXFileReference; lastKnownFileType = image.png; path = Square_x1024.png; sourceTree = "<group>"; };
		6A26C1312220E9C700CD649D /* Circle_x256.png */ = {isa = PBXFileReference; lastKnownFileType = image.png; path = Circle_x256.png; sourceTree = "<group>"; };
		6A26C15A2220F52300CD649D /* MemoryMeGame.swift */ = {isa = PBXFileReference; lastKnownFileType = sourcecode.swift; path = MemoryMeGame.swift; sourceTree = "<group>"; };
		6A27631E2239AB4600A3F6AF /* LaunchScreen.png */ = {isa = PBXFileReference; lastKnownFileType = image.png; path = LaunchScreen.png; sourceTree = "<group>"; };
		6A83FD4C220E7C8F00BFBEDE /* GameShape.swift */ = {isa = PBXFileReference; lastKnownFileType = sourcecode.swift; path = GameShape.swift; sourceTree = "<group>"; };
		6AE796AE223D619E0095BEB2 /* ShapeGraphics.xcassets */ = {isa = PBXFileReference; lastKnownFileType = folder.assetcatalog; path = ShapeGraphics.xcassets; sourceTree = "<group>"; };
		6AF60A06222A0A9200194591 /* GridOrganizer.swift */ = {isa = PBXFileReference; lastKnownFileType = sourcecode.swift; path = GridOrganizer.swift; sourceTree = "<group>"; };
		9F335EA31A171534B526898C /* Pods_Memory_Me_macOS.framework */ = {isa = PBXFileReference; explicitFileType = wrapper.framework; includeInIndex = 0; path = Pods_Memory_Me_macOS.framework; sourceTree = BUILT_PRODUCTS_DIR; };
		ADF3EEE8DC26F21CB2C9185D /* Pods-Memory Me iOS.release.xcconfig */ = {isa = PBXFileReference; includeInIndex = 1; lastKnownFileType = text.xcconfig; name = "Pods-Memory Me iOS.release.xcconfig"; path = "Target Support Files/Pods-Memory Me iOS/Pods-Memory Me iOS.release.xcconfig"; sourceTree = "<group>"; };
		C0596006C6D9A85497749CD2 /* Pods-Memory Me macOS.debug.xcconfig */ = {isa = PBXFileReference; includeInIndex = 1; lastKnownFileType = text.xcconfig; name = "Pods-Memory Me macOS.debug.xcconfig"; path = "Target Support Files/Pods-Memory Me macOS/Pods-Memory Me macOS.debug.xcconfig"; sourceTree = "<group>"; };
		E6FE93F1D98B6F552B360D5C /* Pods_Memory_Me_iOS.framework */ = {isa = PBXFileReference; explicitFileType = wrapper.framework; includeInIndex = 0; path = Pods_Memory_Me_iOS.framework; sourceTree = BUILT_PRODUCTS_DIR; };
/* End PBXFileReference section */

/* Begin PBXFrameworksBuildPhase section */
		6A002C8921DF0410005B31F5 /* Frameworks */ = {
			isa = PBXFrameworksBuildPhase;
			buildActionMask = 2147483647;
			files = (
				EDAA417830C5323217E2518E /* Pods_Memory_Me_iOS.framework in Frameworks */,
			);
			runOnlyForDeploymentPostprocessing = 0;
		};
		6A002C9B21DF0410005B31F5 /* Frameworks */ = {
			isa = PBXFrameworksBuildPhase;
			buildActionMask = 2147483647;
			files = (
				D9FD491F96747F58E24D7704 /* Pods_Memory_Me_macOS.framework in Frameworks */,
			);
			runOnlyForDeploymentPostprocessing = 0;
		};
/* End PBXFrameworksBuildPhase section */

/* Begin PBXGroup section */
		3E677A0C16C8EA852A1F1604 /* Frameworks */ = {
			isa = PBXGroup;
			children = (
				E6FE93F1D98B6F552B360D5C /* Pods_Memory_Me_iOS.framework */,
				9F335EA31A171534B526898C /* Pods_Memory_Me_macOS.framework */,
			);
			name = Frameworks;
			sourceTree = "<group>";
		};
		6A002C7E21DF040E005B31F5 = {
			isa = PBXGroup;
			children = (
				6A07E224223DD8F00025299E /* Podfile */,
				6A002C8321DF040E005B31F5 /* Memory Me Shared */,
				6A002C8E21DF0410005B31F5 /* Memory Me iOS */,
				6A002C9F21DF0410005B31F5 /* Memory Me macOS */,
				6A002C8D21DF0410005B31F5 /* Products */,
				B692B95EFBDB0103EC5EC339 /* Pods */,
				3E677A0C16C8EA852A1F1604 /* Frameworks */,
			);
			sourceTree = "<group>";
		};
		6A002C8321DF040E005B31F5 /* Memory Me Shared */ = {
			isa = PBXGroup;
			children = (
				6A221EDB221F9033003FD05A /* Shapes */,
				6A002C8421DF040E005B31F5 /* Actions.sks */,
				6A002C8521DF040E005B31F5 /* GameScene.sks */,
				6A002C8621DF040E005B31F5 /* GameScene.swift */,
				6A002C8721DF0410005B31F5 /* Assets.xcassets */,
				6A3751C721E821C10070FF5C /* GameAssets */,
				6A83FD4C220E7C8F00BFBEDE /* GameShape.swift */,
				6A221ED8221F8C54003FD05A /* ShapeSequence.swift */,
				6A26C15A2220F52300CD649D /* MemoryMeGame.swift */,
				6AF60A06222A0A9200194591 /* GridOrganizer.swift */,
				6AE796AE223D619E0095BEB2 /* ShapeGraphics.xcassets */,
			);
			path = "Memory Me Shared";
			sourceTree = "<group>";
		};
		6A002C8D21DF0410005B31F5 /* Products */ = {
			isa = PBXGroup;
			children = (
				6A002C8C21DF0410005B31F5 /* Memory Me.app */,
				6A002C9E21DF0410005B31F5 /* Memory Me.app */,
			);
			name = Products;
			sourceTree = "<group>";
		};
		6A002C8E21DF0410005B31F5 /* Memory Me iOS */ = {
			isa = PBXGroup;
			children = (
				6A002C8F21DF0410005B31F5 /* AppDelegate.swift */,
				6A002C9121DF0410005B31F5 /* GameViewController.swift */,
				6A002C9321DF0410005B31F5 /* Main.storyboard */,
				6A002C9621DF0410005B31F5 /* LaunchScreen.storyboard */,
				6A002C9921DF0410005B31F5 /* Info.plist */,
			);
			path = "Memory Me iOS";
			sourceTree = "<group>";
		};
		6A002C9F21DF0410005B31F5 /* Memory Me macOS */ = {
			isa = PBXGroup;
			children = (
				6A002CA021DF0410005B31F5 /* AppDelegate.swift */,
				6A002CA221DF0410005B31F5 /* GameViewController.swift */,
				6A002CA421DF0410005B31F5 /* Main.storyboard */,
				6A002CA721DF0410005B31F5 /* Info.plist */,
			);
			path = "Memory Me macOS";
			sourceTree = "<group>";
		};
		6A221EDB221F9033003FD05A /* Shapes */ = {
			isa = PBXGroup;
			children = (
				6A221EDC221F9044003FD05A /* ShapesDefinitions.swift */,
			);
			path = Shapes;
			sourceTree = "<group>";
		};
		6A3751C721E821C10070FF5C /* GameAssets */ = {
			isa = PBXGroup;
			children = (
				6A27631E2239AB4600A3F6AF /* LaunchScreen.png */,
				6A26C12E2220E9C700CD649D /* Circle_x64.png */,
				6A26C11F2220E9C700CD649D /* Circle_x128.png */,
				6A26C1312220E9C700CD649D /* Circle_x256.png */,
				6A26C1262220E9C700CD649D /* Circle_x512.png */,
				6A26C12B2220E9C700CD649D /* Circle_x1024.png */,
				6A26C1212220E9C700CD649D /* Diamond_x64.png */,
				6A26C1292220E9C700CD649D /* Diamond_x128.png */,
				6A26C1202220E9C700CD649D /* Diamond_x256.png */,
				6A26C1222220E9C700CD649D /* Diamond_x512.png */,
				6A26C11E2220E9C700CD649D /* Diamong_x1024.png */,
				6A26C1272220E9C700CD649D /* Square_x64.png */,
				6A26C12D2220E9C700CD649D /* Square_x128.png */,
				6A26C12F2220E9C700CD649D /* Square_x256.png */,
				6A26C1242220E9C700CD649D /* Square_x512.png */,
				6A26C1302220E9C700CD649D /* Square_x1024.png */,
				6A26C1282220E9C700CD649D /* Triangle_x64.png */,
				6A26C12C2220E9C700CD649D /* Triangle_x128.png */,
				6A26C1232220E9C700CD649D /* Triangle_x256.png */,
				6A26C1252220E9C700CD649D /* Triangle_x512.png */,
				6A26C12A2220E9C700CD649D /* Triangle_x1024.png */,
			);
			name = GameAssets;
			path = "Memory Me Shared/GameAssets";
			sourceTree = SOURCE_ROOT;
		};
		B692B95EFBDB0103EC5EC339 /* Pods */ = {
			isa = PBXGroup;
			children = (
				23470C765DA7FF58EB23CED4 /* Pods-Memory Me iOS.debug.xcconfig */,
				ADF3EEE8DC26F21CB2C9185D /* Pods-Memory Me iOS.release.xcconfig */,
				C0596006C6D9A85497749CD2 /* Pods-Memory Me macOS.debug.xcconfig */,
				25F4F6DB8311A451424C7426 /* Pods-Memory Me macOS.release.xcconfig */,
			);
			name = Pods;
			path = Pods;
			sourceTree = "<group>";
		};
/* End PBXGroup section */

/* Begin PBXNativeTarget section */
		6A002C8B21DF0410005B31F5 /* Memory Me iOS */ = {
			isa = PBXNativeTarget;
			buildConfigurationList = 6A002CB221DF0410005B31F5 /* Build configuration list for PBXNativeTarget "Memory Me iOS" */;
			buildPhases = (
				CD2539C51007D92773DB4823 /* [CP] Check Pods Manifest.lock */,
				6A002C8821DF0410005B31F5 /* Sources */,
				6A002C8921DF0410005B31F5 /* Frameworks */,
				6A002C8A21DF0410005B31F5 /* Resources */,
			);
			buildRules = (
			);
			dependencies = (
			);
			name = "Memory Me iOS";
			productName = "Memory Me iOS";
			productReference = 6A002C8C21DF0410005B31F5 /* Memory Me.app */;
			productType = "com.apple.product-type.application";
		};
		6A002C9D21DF0410005B31F5 /* Memory Me macOS */ = {
			isa = PBXNativeTarget;
			buildConfigurationList = 6A002CB521DF0410005B31F5 /* Build configuration list for PBXNativeTarget "Memory Me macOS" */;
			buildPhases = (
				46CD6A7EA92BF71B01B00CAF /* [CP] Check Pods Manifest.lock */,
				6A002C9A21DF0410005B31F5 /* Sources */,
				6A002C9B21DF0410005B31F5 /* Frameworks */,
				6A002C9C21DF0410005B31F5 /* Resources */,
			);
			buildRules = (
			);
			dependencies = (
			);
			name = "Memory Me macOS";
			productName = "Memory Me macOS";
			productReference = 6A002C9E21DF0410005B31F5 /* Memory Me.app */;
			productType = "com.apple.product-type.application";
		};
/* End PBXNativeTarget section */

/* Begin PBXProject section */
		6A002C7F21DF040E005B31F5 /* Project object */ = {
			isa = PBXProject;
			attributes = {
				LastSwiftUpdateCheck = 1010;
				LastUpgradeCheck = 1010;
				ORGANIZATIONNAME = "Tristan Dubé";
				TargetAttributes = {
					6A002C8B21DF0410005B31F5 = {
						CreatedOnToolsVersion = 10.1;
					};
					6A002C9D21DF0410005B31F5 = {
						CreatedOnToolsVersion = 10.1;
					};
				};
			};
			buildConfigurationList = 6A002C8221DF040E005B31F5 /* Build configuration list for PBXProject "Memory Me" */;
			compatibilityVersion = "Xcode 9.3";
			developmentRegion = en;
			hasScannedForEncodings = 0;
			knownRegions = (
				en,
				Base,
			);
			mainGroup = 6A002C7E21DF040E005B31F5;
			productRefGroup = 6A002C8D21DF0410005B31F5 /* Products */;
			projectDirPath = "";
			projectRoot = "";
			targets = (
				6A002C8B21DF0410005B31F5 /* Memory Me iOS */,
				6A002C9D21DF0410005B31F5 /* Memory Me macOS */,
			);
		};
/* End PBXProject section */

/* Begin PBXResourcesBuildPhase section */
		6A002C8A21DF0410005B31F5 /* Resources */ = {
			isa = PBXResourcesBuildPhase;
			buildActionMask = 2147483647;
			files = (
				6AE796AF223D619E0095BEB2 /* ShapeGraphics.xcassets in Resources */,
				6A26C1502220E9C700CD649D /* Square_x128.png in Resources */,
				6A26C1402220E9C700CD649D /* Triangle_x512.png in Resources */,
				6A26C1562220E9C700CD649D /* Square_x1024.png in Resources */,
				6A26C1522220E9C700CD649D /* Circle_x64.png in Resources */,
				6A26C1382220E9C700CD649D /* Diamond_x64.png in Resources */,
				6A26C1482220E9C700CD649D /* Diamond_x128.png in Resources */,
				6A27631F2239AB4700A3F6AF /* LaunchScreen.png in Resources */,
				6A002CAA21DF0410005B31F5 /* GameScene.sks in Resources */,
				6A26C1422220E9C700CD649D /* Circle_x512.png in Resources */,
				6A26C1342220E9C700CD649D /* Circle_x128.png in Resources */,
				6A26C14C2220E9C700CD649D /* Circle_x1024.png in Resources */,
				6A002C9521DF0410005B31F5 /* Main.storyboard in Resources */,
				6A26C1362220E9C700CD649D /* Diamond_x256.png in Resources */,
				6A26C13C2220E9C700CD649D /* Triangle_x256.png in Resources */,
				6A26C1542220E9C700CD649D /* Square_x256.png in Resources */,
				6A002CA821DF0410005B31F5 /* Actions.sks in Resources */,
				6A26C1322220E9C700CD649D /* Diamong_x1024.png in Resources */,
				6A26C1462220E9C700CD649D /* Triangle_x64.png in Resources */,
				6A26C1442220E9C700CD649D /* Square_x64.png in Resources */,
				6A002C9821DF0410005B31F5 /* LaunchScreen.storyboard in Resources */,
				6A26C13A2220E9C700CD649D /* Diamond_x512.png in Resources */,
				6A26C14E2220E9C700CD649D /* Triangle_x128.png in Resources */,
				6A26C13E2220E9C700CD649D /* Square_x512.png in Resources */,
				6A26C1582220E9C700CD649D /* Circle_x256.png in Resources */,
				6A002CAE21DF0410005B31F5 /* Assets.xcassets in Resources */,
				6A26C14A2220E9C700CD649D /* Triangle_x1024.png in Resources */,
			);
			runOnlyForDeploymentPostprocessing = 0;
		};
		6A002C9C21DF0410005B31F5 /* Resources */ = {
			isa = PBXResourcesBuildPhase;
			buildActionMask = 2147483647;
			files = (
				6A26C1592220E9C700CD649D /* Circle_x256.png in Resources */,
				6A26C1572220E9C700CD649D /* Square_x1024.png in Resources */,
				6A26C13D2220E9C700CD649D /* Triangle_x256.png in Resources */,
				6A26C1512220E9C700CD649D /* Square_x128.png in Resources */,
				6A26C1492220E9C700CD649D /* Diamond_x128.png in Resources */,
				6A26C1452220E9C700CD649D /* Square_x64.png in Resources */,
				6A002CA621DF0410005B31F5 /* Main.storyboard in Resources */,
				6A26C14B2220E9C700CD649D /* Triangle_x1024.png in Resources */,
				6A26C1372220E9C700CD649D /* Diamond_x256.png in Resources */,
				6A26C1472220E9C700CD649D /* Triangle_x64.png in Resources */,
				6A26C1432220E9C700CD649D /* Circle_x512.png in Resources */,
				6A2763202239AB4700A3F6AF /* LaunchScreen.png in Resources */,
				6A26C13B2220E9C700CD649D /* Diamond_x512.png in Resources */,
				6A26C14D2220E9C700CD649D /* Circle_x1024.png in Resources */,
				6A002CAB21DF0410005B31F5 /* GameScene.sks in Resources */,
				6A26C1412220E9C700CD649D /* Triangle_x512.png in Resources */,
				6A002CAF21DF0410005B31F5 /* Assets.xcassets in Resources */,
				6A26C14F2220E9C700CD649D /* Triangle_x128.png in Resources */,
				6A26C1332220E9C700CD649D /* Diamong_x1024.png in Resources */,
				6A26C13F2220E9C700CD649D /* Square_x512.png in Resources */,
				6AE796B0223D619E0095BEB2 /* ShapeGraphics.xcassets in Resources */,
				6A26C1552220E9C700CD649D /* Square_x256.png in Resources */,
				6A26C1352220E9C700CD649D /* Circle_x128.png in Resources */,
				6A002CA921DF0410005B31F5 /* Actions.sks in Resources */,
				6A26C1532220E9C700CD649D /* Circle_x64.png in Resources */,
				6A26C1392220E9C700CD649D /* Diamond_x64.png in Resources */,
			);
			runOnlyForDeploymentPostprocessing = 0;
		};
/* End PBXResourcesBuildPhase section */

/* Begin PBXShellScriptBuildPhase section */
		46CD6A7EA92BF71B01B00CAF /* [CP] Check Pods Manifest.lock */ = {
			isa = PBXShellScriptBuildPhase;
			buildActionMask = 2147483647;
			files = (
			);
			inputFileListPaths = (
			);
			inputPaths = (
				"${PODS_PODFILE_DIR_PATH}/Podfile.lock",
				"${PODS_ROOT}/Manifest.lock",
			);
			name = "[CP] Check Pods Manifest.lock";
			outputFileListPaths = (
			);
			outputPaths = (
				"$(DERIVED_FILE_DIR)/Pods-Memory Me macOS-checkManifestLockResult.txt",
			);
			runOnlyForDeploymentPostprocessing = 0;
			shellPath = /bin/sh;
			shellScript = "diff \"${PODS_PODFILE_DIR_PATH}/Podfile.lock\" \"${PODS_ROOT}/Manifest.lock\" > /dev/null\nif [ $? != 0 ] ; then\n    # print error to STDERR\n    echo \"error: The sandbox is not in sync with the Podfile.lock. Run 'pod install' or update your CocoaPods installation.\" >&2\n    exit 1\nfi\n# This output is used by Xcode 'outputs' to avoid re-running this script phase.\necho \"SUCCESS\" > \"${SCRIPT_OUTPUT_FILE_0}\"\n";
			showEnvVarsInLog = 0;
		};
		CD2539C51007D92773DB4823 /* [CP] Check Pods Manifest.lock */ = {
			isa = PBXShellScriptBuildPhase;
			buildActionMask = 2147483647;
			files = (
			);
			inputFileListPaths = (
			);
			inputPaths = (
				"${PODS_PODFILE_DIR_PATH}/Podfile.lock",
				"${PODS_ROOT}/Manifest.lock",
			);
			name = "[CP] Check Pods Manifest.lock";
			outputFileListPaths = (
			);
			outputPaths = (
				"$(DERIVED_FILE_DIR)/Pods-Memory Me iOS-checkManifestLockResult.txt",
			);
			runOnlyForDeploymentPostprocessing = 0;
			shellPath = /bin/sh;
			shellScript = "diff \"${PODS_PODFILE_DIR_PATH}/Podfile.lock\" \"${PODS_ROOT}/Manifest.lock\" > /dev/null\nif [ $? != 0 ] ; then\n    # print error to STDERR\n    echo \"error: The sandbox is not in sync with the Podfile.lock. Run 'pod install' or update your CocoaPods installation.\" >&2\n    exit 1\nfi\n# This output is used by Xcode 'outputs' to avoid re-running this script phase.\necho \"SUCCESS\" > \"${SCRIPT_OUTPUT_FILE_0}\"\n";
			showEnvVarsInLog = 0;
		};
/* End PBXShellScriptBuildPhase section */

/* Begin PBXSourcesBuildPhase section */
		6A002C8821DF0410005B31F5 /* Sources */ = {
			isa = PBXSourcesBuildPhase;
			buildActionMask = 2147483647;
			files = (
				6AF60A07222A0A9200194591 /* GridOrganizer.swift in Sources */,
				6A83FD4D220E7C8F00BFBEDE /* GameShape.swift in Sources */,
				6A26C15B2220F52300CD649D /* MemoryMeGame.swift in Sources */,
				6A002CAC21DF0410005B31F5 /* GameScene.swift in Sources */,
				6A221EDD221F9044003FD05A /* ShapesDefinitions.swift in Sources */,
				6A002C9221DF0410005B31F5 /* GameViewController.swift in Sources */,
				6A221ED9221F8C54003FD05A /* ShapeSequence.swift in Sources */,
				6A002C9021DF0410005B31F5 /* AppDelegate.swift in Sources */,
			);
			runOnlyForDeploymentPostprocessing = 0;
		};
		6A002C9A21DF0410005B31F5 /* Sources */ = {
			isa = PBXSourcesBuildPhase;
			buildActionMask = 2147483647;
			files = (
				6AF60A08222A0A9200194591 /* GridOrganizer.swift in Sources */,
				6A002CAD21DF0410005B31F5 /* GameScene.swift in Sources */,
				6A26C15C2220F52300CD649D /* MemoryMeGame.swift in Sources */,
				6AF39622220E7EC00073B207 /* GameShape.swift in Sources */,
				6A221EDE221F9044003FD05A /* ShapesDefinitions.swift in Sources */,
				6A002CA321DF0410005B31F5 /* GameViewController.swift in Sources */,
				6A221EDA221F8C54003FD05A /* ShapeSequence.swift in Sources */,
				6A002CA121DF0410005B31F5 /* AppDelegate.swift in Sources */,
			);
			runOnlyForDeploymentPostprocessing = 0;
		};
/* End PBXSourcesBuildPhase section */

/* Begin PBXVariantGroup section */
		6A002C9321DF0410005B31F5 /* Main.storyboard */ = {
			isa = PBXVariantGroup;
			children = (
				6A002C9421DF0410005B31F5 /* Base */,
			);
			name = Main.storyboard;
			sourceTree = "<group>";
		};
		6A002C9621DF0410005B31F5 /* LaunchScreen.storyboard */ = {
			isa = PBXVariantGroup;
			children = (
				6A002C9721DF0410005B31F5 /* Base */,
			);
			name = LaunchScreen.storyboard;
			sourceTree = "<group>";
		};
		6A002CA421DF0410005B31F5 /* Main.storyboard */ = {
			isa = PBXVariantGroup;
			children = (
				6A002CA521DF0410005B31F5 /* Base */,
			);
			name = Main.storyboard;
			sourceTree = "<group>";
		};
/* End PBXVariantGroup section */

/* Begin XCBuildConfiguration section */
		6A002CB021DF0410005B31F5 /* Debug */ = {
			isa = XCBuildConfiguration;
			buildSettings = {
				ALWAYS_SEARCH_USER_PATHS = NO;
				CLANG_ANALYZER_NONNULL = YES;
				CLANG_ANALYZER_NUMBER_OBJECT_CONVERSION = YES_AGGRESSIVE;
				CLANG_CXX_LANGUAGE_STANDARD = "gnu++14";
				CLANG_CXX_LIBRARY = "libc++";
				CLANG_ENABLE_MODULES = YES;
				CLANG_ENABLE_OBJC_ARC = YES;
				CLANG_ENABLE_OBJC_WEAK = YES;
				CLANG_WARN_BLOCK_CAPTURE_AUTORELEASING = YES;
				CLANG_WARN_BOOL_CONVERSION = YES;
				CLANG_WARN_COMMA = YES;
				CLANG_WARN_CONSTANT_CONVERSION = YES;
				CLANG_WARN_DEPRECATED_OBJC_IMPLEMENTATIONS = YES;
				CLANG_WARN_DIRECT_OBJC_ISA_USAGE = YES_ERROR;
				CLANG_WARN_DOCUMENTATION_COMMENTS = YES;
				CLANG_WARN_EMPTY_BODY = YES;
				CLANG_WARN_ENUM_CONVERSION = YES;
				CLANG_WARN_INFINITE_RECURSION = YES;
				CLANG_WARN_INT_CONVERSION = YES;
				CLANG_WARN_NON_LITERAL_NULL_CONVERSION = YES;
				CLANG_WARN_OBJC_IMPLICIT_RETAIN_SELF = YES;
				CLANG_WARN_OBJC_LITERAL_CONVERSION = YES;
				CLANG_WARN_OBJC_ROOT_CLASS = YES_ERROR;
				CLANG_WARN_RANGE_LOOP_ANALYSIS = YES;
				CLANG_WARN_STRICT_PROTOTYPES = YES;
				CLANG_WARN_SUSPICIOUS_MOVE = YES;
				CLANG_WARN_UNGUARDED_AVAILABILITY = YES_AGGRESSIVE;
				CLANG_WARN_UNREACHABLE_CODE = YES;
				CLANG_WARN__DUPLICATE_METHOD_MATCH = YES;
				COPY_PHASE_STRIP = NO;
				DEBUG_INFORMATION_FORMAT = dwarf;
				ENABLE_STRICT_OBJC_MSGSEND = YES;
				ENABLE_TESTABILITY = YES;
				GCC_C_LANGUAGE_STANDARD = gnu11;
				GCC_DYNAMIC_NO_PIC = NO;
				GCC_NO_COMMON_BLOCKS = YES;
				GCC_OPTIMIZATION_LEVEL = 0;
				GCC_PREPROCESSOR_DEFINITIONS = (
					"DEBUG=1",
					"$(inherited)",
				);
				GCC_WARN_64_TO_32_BIT_CONVERSION = YES;
				GCC_WARN_ABOUT_RETURN_TYPE = YES_ERROR;
				GCC_WARN_UNDECLARED_SELECTOR = YES;
				GCC_WARN_UNINITIALIZED_AUTOS = YES_AGGRESSIVE;
				GCC_WARN_UNUSED_FUNCTION = YES;
				GCC_WARN_UNUSED_VARIABLE = YES;
				MTL_ENABLE_DEBUG_INFO = INCLUDE_SOURCE;
				MTL_FAST_MATH = YES;
				ONLY_ACTIVE_ARCH = YES;
				SWIFT_ACTIVE_COMPILATION_CONDITIONS = DEBUG;
				SWIFT_OPTIMIZATION_LEVEL = "-Onone";
			};
			name = Debug;
		};
		6A002CB121DF0410005B31F5 /* Release */ = {
			isa = XCBuildConfiguration;
			buildSettings = {
				ALWAYS_SEARCH_USER_PATHS = NO;
				CLANG_ANALYZER_NONNULL = YES;
				CLANG_ANALYZER_NUMBER_OBJECT_CONVERSION = YES_AGGRESSIVE;
				CLANG_CXX_LANGUAGE_STANDARD = "gnu++14";
				CLANG_CXX_LIBRARY = "libc++";
				CLANG_ENABLE_MODULES = YES;
				CLANG_ENABLE_OBJC_ARC = YES;
				CLANG_ENABLE_OBJC_WEAK = YES;
				CLANG_WARN_BLOCK_CAPTURE_AUTORELEASING = YES;
				CLANG_WARN_BOOL_CONVERSION = YES;
				CLANG_WARN_COMMA = YES;
				CLANG_WARN_CONSTANT_CONVERSION = YES;
				CLANG_WARN_DEPRECATED_OBJC_IMPLEMENTATIONS = YES;
				CLANG_WARN_DIRECT_OBJC_ISA_USAGE = YES_ERROR;
				CLANG_WARN_DOCUMENTATION_COMMENTS = YES;
				CLANG_WARN_EMPTY_BODY = YES;
				CLANG_WARN_ENUM_CONVERSION = YES;
				CLANG_WARN_INFINITE_RECURSION = YES;
				CLANG_WARN_INT_CONVERSION = YES;
				CLANG_WARN_NON_LITERAL_NULL_CONVERSION = YES;
				CLANG_WARN_OBJC_IMPLICIT_RETAIN_SELF = YES;
				CLANG_WARN_OBJC_LITERAL_CONVERSION = YES;
				CLANG_WARN_OBJC_ROOT_CLASS = YES_ERROR;
				CLANG_WARN_RANGE_LOOP_ANALYSIS = YES;
				CLANG_WARN_STRICT_PROTOTYPES = YES;
				CLANG_WARN_SUSPICIOUS_MOVE = YES;
				CLANG_WARN_UNGUARDED_AVAILABILITY = YES_AGGRESSIVE;
				CLANG_WARN_UNREACHABLE_CODE = YES;
				CLANG_WARN__DUPLICATE_METHOD_MATCH = YES;
				COPY_PHASE_STRIP = NO;
				DEBUG_INFORMATION_FORMAT = "dwarf-with-dsym";
				ENABLE_NS_ASSERTIONS = NO;
				ENABLE_STRICT_OBJC_MSGSEND = YES;
				GCC_C_LANGUAGE_STANDARD = gnu11;
				GCC_NO_COMMON_BLOCKS = YES;
				GCC_WARN_64_TO_32_BIT_CONVERSION = YES;
				GCC_WARN_ABOUT_RETURN_TYPE = YES_ERROR;
				GCC_WARN_UNDECLARED_SELECTOR = YES;
				GCC_WARN_UNINITIALIZED_AUTOS = YES_AGGRESSIVE;
				GCC_WARN_UNUSED_FUNCTION = YES;
				GCC_WARN_UNUSED_VARIABLE = YES;
				MTL_ENABLE_DEBUG_INFO = NO;
				MTL_FAST_MATH = YES;
				SWIFT_COMPILATION_MODE = wholemodule;
				SWIFT_OPTIMIZATION_LEVEL = "-O";
			};
			name = Release;
		};
		6A002CB321DF0410005B31F5 /* Debug */ = {
			isa = XCBuildConfiguration;
			baseConfigurationReference = 23470C765DA7FF58EB23CED4 /* Pods-Memory Me iOS.debug.xcconfig */;
			buildSettings = {
				ASSETCATALOG_COMPILER_APPICON_NAME = AppIcon;
				CODE_SIGN_IDENTITY = "iPhone Developer";
				CODE_SIGN_STYLE = Automatic;
				DEVELOPMENT_TEAM = SWFNPA34YT;
				INFOPLIST_FILE = "Memory Me iOS/Info.plist";
				IPHONEOS_DEPLOYMENT_TARGET = 12.1;
				LD_RUNPATH_SEARCH_PATHS = (
					"$(inherited)",
					"@executable_path/Frameworks",
				);
				PRODUCT_BUNDLE_IDENTIFIER = "lerouxtech.Memory-Me";
				PRODUCT_NAME = "Memory Me";
				PROVISIONING_PROFILE_SPECIFIER = "";
				SDKROOT = iphoneos;
				SWIFT_VERSION = 4.2;
				TARGETED_DEVICE_FAMILY = "1,2";
			};
			name = Debug;
		};
		6A002CB421DF0410005B31F5 /* Release */ = {
			isa = XCBuildConfiguration;
			baseConfigurationReference = ADF3EEE8DC26F21CB2C9185D /* Pods-Memory Me iOS.release.xcconfig */;
			buildSettings = {
				ASSETCATALOG_COMPILER_APPICON_NAME = AppIcon;
				CODE_SIGN_IDENTITY = "iPhone Developer";
				CODE_SIGN_STYLE = Automatic;
				DEVELOPMENT_TEAM = SWFNPA34YT;
				INFOPLIST_FILE = "Memory Me iOS/Info.plist";
				IPHONEOS_DEPLOYMENT_TARGET = 12.1;
				LD_RUNPATH_SEARCH_PATHS = (
					"$(inherited)",
					"@executable_path/Frameworks",
				);
				PRODUCT_BUNDLE_IDENTIFIER = "lerouxtech.Memory-Me";
				PRODUCT_NAME = "Memory Me";
				PROVISIONING_PROFILE_SPECIFIER = "";
				SDKROOT = iphoneos;
				SWIFT_VERSION = 4.2;
				TARGETED_DEVICE_FAMILY = "1,2";
				VALIDATE_PRODUCT = YES;
			};
			name = Release;
		};
		6A002CB621DF0410005B31F5 /* Debug */ = {
			isa = XCBuildConfiguration;
			baseConfigurationReference = C0596006C6D9A85497749CD2 /* Pods-Memory Me macOS.debug.xcconfig */;
			buildSettings = {
				ASSETCATALOG_COMPILER_APPICON_NAME = AppIcon;
				CODE_SIGN_IDENTITY = "Mac Developer";
				CODE_SIGN_STYLE = Automatic;
				COMBINE_HIDPI_IMAGES = YES;
				DEVELOPMENT_TEAM = SWFNPA34YT;
				INFOPLIST_FILE = "Memory Me macOS/Info.plist";
				LD_RUNPATH_SEARCH_PATHS = (
					"$(inherited)",
					"@executable_path/../Frameworks",
				);
				MACOSX_DEPLOYMENT_TARGET = 10.14;
				PRODUCT_BUNDLE_IDENTIFIER = "lerouxtech.Memory-Me";
				PRODUCT_NAME = "Memory Me";
				PROVISIONING_PROFILE_SPECIFIER = "";
				SDKROOT = macosx;
				SWIFT_VERSION = 4.2;
			};
			name = Debug;
		};
		6A002CB721DF0410005B31F5 /* Release */ = {
			isa = XCBuildConfiguration;
			baseConfigurationReference = 25F4F6DB8311A451424C7426 /* Pods-Memory Me macOS.release.xcconfig */;
			buildSettings = {
				ASSETCATALOG_COMPILER_APPICON_NAME = AppIcon;
				CODE_SIGN_IDENTITY = "Mac Developer";
				CODE_SIGN_STYLE = Automatic;
				COMBINE_HIDPI_IMAGES = YES;
				DEVELOPMENT_TEAM = SWFNPA34YT;
				INFOPLIST_FILE = "Memory Me macOS/Info.plist";
				LD_RUNPATH_SEARCH_PATHS = (
					"$(inherited)",
					"@executable_path/../Frameworks",
				);
				MACOSX_DEPLOYMENT_TARGET = 10.14;
				PRODUCT_BUNDLE_IDENTIFIER = "lerouxtech.Memory-Me";
				PRODUCT_NAME = "Memory Me";
				PROVISIONING_PROFILE_SPECIFIER = "";
				SDKROOT = macosx;
				SWIFT_VERSION = 4.2;
			};
			name = Release;
		};
/* End XCBuildConfiguration section */

/* Begin XCConfigurationList section */
		6A002C8221DF040E005B31F5 /* Build configuration list for PBXProject "Memory Me" */ = {
			isa = XCConfigurationList;
			buildConfigurations = (
				6A002CB021DF0410005B31F5 /* Debug */,
				6A002CB121DF0410005B31F5 /* Release */,
			);
			defaultConfigurationIsVisible = 0;
			defaultConfigurationName = Release;
		};
		6A002CB221DF0410005B31F5 /* Build configuration list for PBXNativeTarget "Memory Me iOS" */ = {
			isa = XCConfigurationList;
			buildConfigurations = (
				6A002CB321DF0410005B31F5 /* Debug */,
				6A002CB421DF0410005B31F5 /* Release */,
			);
			defaultConfigurationIsVisible = 0;
			defaultConfigurationName = Release;
		};
		6A002CB521DF0410005B31F5 /* Build configuration list for PBXNativeTarget "Memory Me macOS" */ = {
			isa = XCConfigurationList;
			buildConfigurations = (
				6A002CB621DF0410005B31F5 /* Debug */,
				6A002CB721DF0410005B31F5 /* Release */,
			);
			defaultConfigurationIsVisible = 0;
			defaultConfigurationName = Release;
		};
/* End XCConfigurationList section */
	};
	rootObject = 6A002C7F21DF040E005B31F5 /* Project object */;
}
